
Microsoft Visual Studio Solution File, Format Version 12.00
# Visual Studio Version 17
VisualStudioVersion = 17.13.35913.81 d17.13
MinimumVisualStudioVersion = 10.0.40219.1
Project("{888888A0-9F3D-457C-B088-3A5042F75D52}") = "Lib2", "Lib2.pyproj", "{A51C54B0-E669-42F9-A16A-2250E5A049D7}"
EndProject
Global
	GlobalSection(SolutionConfigurationPlatforms) = preSolution
		Debug|Any CPU = Debug|Any CPU
		Release|Any CPU = Release|Any CPU
	EndGlobalSection
	GlobalSection(ProjectConfigurationPlatforms) = postSolution
		{A51C54B0-E669-42F9-A16A-2250E5A049D7}.Debug|Any CPU.ActiveCfg = Debug|Any CPU
		{A51C54B0-E669-42F9-A16A-2250E5A049D7}.Release|Any CPU.ActiveCfg = Release|Any CPU
	EndGlobalSection
	GlobalSection(SolutionProperties) = preSolution
		HideSolutionNode = FALSE
	EndGlobalSection
	GlobalSection(ExtensibilityGlobals) = postSolution
		SolutionGuid = {5597FDEA-2EBD-4429-90C1-697CC3761D73}
	EndGlobalSection
EndGlobal
